// !$*UTF8*$!
{
	archiveVersion = 1;
	classes = {
	};
	objectVersion = 46;
	objects = {

/* Begin PBXBuildFile section */
		45E950E7828664EA24D57C9F /* libPods.a in Frameworks */ = {isa = PBXBuildFile; fileRef = B86713E11E45A2ED84A41101 /* libPods.a */; };
		BA6A53D01BE143F200DC8100 /* DataModel.swift in Sources */ = {isa = PBXBuildFile; fileRef = BA6A53CF1BE143F200DC8100 /* DataModel.swift */; settings = {ASSET_TAGS = (); }; };
		D35FBB041BDFB90600320337 /* AppDelegate.swift in Sources */ = {isa = PBXBuildFile; fileRef = D35FBB031BDFB90600320337 /* AppDelegate.swift */; };
		D35FBB061BDFB90600320337 /* ViewController.swift in Sources */ = {isa = PBXBuildFile; fileRef = D35FBB051BDFB90600320337 /* ViewController.swift */; };
		D35FBB091BDFB90600320337 /* Main.storyboard in Resources */ = {isa = PBXBuildFile; fileRef = D35FBB071BDFB90600320337 /* Main.storyboard */; };
		D35FBB0B1BDFB90600320337 /* Assets.xcassets in Resources */ = {isa = PBXBuildFile; fileRef = D35FBB0A1BDFB90600320337 /* Assets.xcassets */; };
		D35FBB0E1BDFB90600320337 /* LaunchScreen.storyboard in Resources */ = {isa = PBXBuildFile; fileRef = D35FBB0C1BDFB90600320337 /* LaunchScreen.storyboard */; };
		D35FBB191BDFB90600320337 /* ParkDetroitTests.swift in Sources */ = {isa = PBXBuildFile; fileRef = D35FBB181BDFB90600320337 /* ParkDetroitTests.swift */; };
		D35FBB241BDFB90600320337 /* ParkDetroitUITests.swift in Sources */ = {isa = PBXBuildFile; fileRef = D35FBB231BDFB90600320337 /* ParkDetroitUITests.swift */; };
/* End PBXBuildFile section */

/* Begin PBXContainerItemProxy section */
		D35FBB151BDFB90600320337 /* PBXContainerItemProxy */ = {
			isa = PBXContainerItemProxy;
			containerPortal = D35FBAF81BDFB90600320337 /* Project object */;
			proxyType = 1;
			remoteGlobalIDString = D35FBAFF1BDFB90600320337;
			remoteInfo = ParkDetroit;
		};
		D35FBB201BDFB90600320337 /* PBXContainerItemProxy */ = {
			isa = PBXContainerItemProxy;
			containerPortal = D35FBAF81BDFB90600320337 /* Project object */;
			proxyType = 1;
			remoteGlobalIDString = D35FBAFF1BDFB90600320337;
			remoteInfo = ParkDetroit;
		};
/* End PBXContainerItemProxy section */

/* Begin PBXFileReference section */
		1A423BEC61BD14B168D5DB03 /* Pods.debug.xcconfig */ = {isa = PBXFileReference; includeInIndex = 1; lastKnownFileType = text.xcconfig; name = Pods.debug.xcconfig; path = "Pods/Target Support Files/Pods/Pods.debug.xcconfig"; sourceTree = "<group>"; };
		401655D1FF659759C3114C6F /* Pods.release.xcconfig */ = {isa = PBXFileReference; includeInIndex = 1; lastKnownFileType = text.xcconfig; name = Pods.release.xcconfig; path = "Pods/Target Support Files/Pods/Pods.release.xcconfig"; sourceTree = "<group>"; };
		B86713E11E45A2ED84A41101 /* libPods.a */ = {isa = PBXFileReference; explicitFileType = archive.ar; includeInIndex = 0; path = libPods.a; sourceTree = BUILT_PRODUCTS_DIR; };
		BA6A53CF1BE143F200DC8100 /* DataModel.swift */ = {isa = PBXFileReference; fileEncoding = 4; lastKnownFileType = sourcecode.swift; path = DataModel.swift; sourceTree = "<group>"; };
		D35FBB001BDFB90600320337 /* ParkDetroit.app */ = {isa = PBXFileReference; explicitFileType = wrapper.application; includeInIndex = 0; path = ParkDetroit.app; sourceTree = BUILT_PRODUCTS_DIR; };
		D35FBB031BDFB90600320337 /* AppDelegate.swift */ = {isa = PBXFileReference; lastKnownFileType = sourcecode.swift; path = AppDelegate.swift; sourceTree = "<group>"; };
		D35FBB051BDFB90600320337 /* ViewController.swift */ = {isa = PBXFileReference; lastKnownFileType = sourcecode.swift; path = ViewController.swift; sourceTree = "<group>"; };
		D35FBB081BDFB90600320337 /* Base */ = {isa = PBXFileReference; lastKnownFileType = file.storyboard; name = Base; path = Base.lproj/Main.storyboard; sourceTree = "<group>"; };
		D35FBB0A1BDFB90600320337 /* Assets.xcassets */ = {isa = PBXFileReference; lastKnownFileType = folder.assetcatalog; path = Assets.xcassets; sourceTree = "<group>"; };
		D35FBB0D1BDFB90600320337 /* Base */ = {isa = PBXFileReference; lastKnownFileType = file.storyboard; name = Base; path = Base.lproj/LaunchScreen.storyboard; sourceTree = "<group>"; };
		D35FBB0F1BDFB90600320337 /* Info.plist */ = {isa = PBXFileReference; lastKnownFileType = text.plist.xml; path = Info.plist; sourceTree = "<group>"; };
		D35FBB141BDFB90600320337 /* ParkDetroitTests.xctest */ = {isa = PBXFileReference; explicitFileType = wrapper.cfbundle; includeInIndex = 0; path = ParkDetroitTests.xctest; sourceTree = BUILT_PRODUCTS_DIR; };
		D35FBB181BDFB90600320337 /* ParkDetroitTests.swift */ = {isa = PBXFileReference; lastKnownFileType = sourcecode.swift; path = ParkDetroitTests.swift; sourceTree = "<group>"; };
		D35FBB1A1BDFB90600320337 /* Info.plist */ = {isa = PBXFileReference; lastKnownFileType = text.plist.xml; path = Info.plist; sourceTree = "<group>"; };
		D35FBB1F1BDFB90600320337 /* ParkDetroitUITests.xctest */ = {isa = PBXFileReference; explicitFileType = wrapper.cfbundle; includeInIndex = 0; path = ParkDetroitUITests.xctest; sourceTree = BUILT_PRODUCTS_DIR; };
		D35FBB231BDFB90600320337 /* ParkDetroitUITests.swift */ = {isa = PBXFileReference; lastKnownFileType = sourcecode.swift; path = ParkDetroitUITests.swift; sourceTree = "<group>"; };
		D35FBB251BDFB90600320337 /* Info.plist */ = {isa = PBXFileReference; lastKnownFileType = text.plist.xml; path = Info.plist; sourceTree = "<group>"; };
/* End PBXFileReference section */

/* Begin PBXFrameworksBuildPhase section */
		D35FBAFD1BDFB90600320337 /* Frameworks */ = {
			isa = PBXFrameworksBuildPhase;
			buildActionMask = 2147483647;
			files = (
				45E950E7828664EA24D57C9F /* libPods.a in Frameworks */,
			);
			runOnlyForDeploymentPostprocessing = 0;
		};
		D35FBB111BDFB90600320337 /* Frameworks */ = {
			isa = PBXFrameworksBuildPhase;
			buildActionMask = 2147483647;
			files = (
			);
			runOnlyForDeploymentPostprocessing = 0;
		};
		D35FBB1C1BDFB90600320337 /* Frameworks */ = {
			isa = PBXFrameworksBuildPhase;
			buildActionMask = 2147483647;
			files = (
			);
			runOnlyForDeploymentPostprocessing = 0;
		};
/* End PBXFrameworksBuildPhase section */

/* Begin PBXGroup section */
		25B9D69E28AA18D8A6CEF562 /* Frameworks */ = {
			isa = PBXGroup;
			children = (
				B86713E11E45A2ED84A41101 /* libPods.a */,
			);
			name = Frameworks;
			sourceTree = "<group>";
		};
		6889D3794EE61BC8A206E77E /* Pods */ = {
			isa = PBXGroup;
			children = (
				1A423BEC61BD14B168D5DB03 /* Pods.debug.xcconfig */,
				401655D1FF659759C3114C6F /* Pods.release.xcconfig */,
			);
			name = Pods;
			sourceTree = "<group>";
		};
		D35FBAF71BDFB90600320337 = {
			isa = PBXGroup;
			children = (
				D35FBB021BDFB90600320337 /* ParkDetroit */,
				D35FBB171BDFB90600320337 /* ParkDetroitTests */,
				D35FBB221BDFB90600320337 /* ParkDetroitUITests */,
				D35FBB011BDFB90600320337 /* Products */,
				6889D3794EE61BC8A206E77E /* Pods */,
				25B9D69E28AA18D8A6CEF562 /* Frameworks */,
			);
			sourceTree = "<group>";
		};
		D35FBB011BDFB90600320337 /* Products */ = {
			isa = PBXGroup;
			children = (
				D35FBB001BDFB90600320337 /* ParkDetroit.app */,
				D35FBB141BDFB90600320337 /* ParkDetroitTests.xctest */,
				D35FBB1F1BDFB90600320337 /* ParkDetroitUITests.xctest */,
			);
			name = Products;
			sourceTree = "<group>";
		};
		D35FBB021BDFB90600320337 /* ParkDetroit */ = {
			isa = PBXGroup;
			children = (
				D35FBB031BDFB90600320337 /* AppDelegate.swift */,
				D35FBB051BDFB90600320337 /* ViewController.swift */,
				D35FBB071BDFB90600320337 /* Main.storyboard */,
				D35FBB0A1BDFB90600320337 /* Assets.xcassets */,
				D35FBB0C1BDFB90600320337 /* LaunchScreen.storyboard */,
				D35FBB0F1BDFB90600320337 /* Info.plist */,
				BA6A53CF1BE143F200DC8100 /* DataModel.swift */,
			);
			path = ParkDetroit;
			sourceTree = "<group>";
		};
		D35FBB171BDFB90600320337 /* ParkDetroitTests */ = {
			isa = PBXGroup;
			children = (
				D35FBB181BDFB90600320337 /* ParkDetroitTests.swift */,
				D35FBB1A1BDFB90600320337 /* Info.plist */,
			);
			path = ParkDetroitTests;
			sourceTree = "<group>";
		};
		D35FBB221BDFB90600320337 /* ParkDetroitUITests */ = {
			isa = PBXGroup;
			children = (
				D35FBB231BDFB90600320337 /* ParkDetroitUITests.swift */,
				D35FBB251BDFB90600320337 /* Info.plist */,
			);
			path = ParkDetroitUITests;
			sourceTree = "<group>";
		};
/* End PBXGroup section */

/* Begin PBXNativeTarget section */
		D35FBAFF1BDFB90600320337 /* ParkDetroit */ = {
			isa = PBXNativeTarget;
			buildConfigurationList = D35FBB281BDFB90600320337 /* Build configuration list for PBXNativeTarget "ParkDetroit" */;
			buildPhases = (
				4FDA92B42B454CDB54D3398F /* Check Pods Manifest.lock */,
				D35FBAFC1BDFB90600320337 /* Sources */,
				D35FBAFD1BDFB90600320337 /* Frameworks */,
				D35FBAFE1BDFB90600320337 /* Resources */,
				C8B0CBA65B6243A782E45EAF /* Embed Pods Frameworks */,
				9D1CB3707D7D49BC9837B695 /* Copy Pods Resources */,
			);
			buildRules = (
			);
			dependencies = (
			);
			name = ParkDetroit;
			productName = ParkDetroit;
			productReference = D35FBB001BDFB90600320337 /* ParkDetroit.app */;
			productType = "com.apple.product-type.application";
		};
		D35FBB131BDFB90600320337 /* ParkDetroitTests */ = {
			isa = PBXNativeTarget;
			buildConfigurationList = D35FBB2B1BDFB90600320337 /* Build configuration list for PBXNativeTarget "ParkDetroitTests" */;
			buildPhases = (
				D35FBB101BDFB90600320337 /* Sources */,
				D35FBB111BDFB90600320337 /* Frameworks */,
				D35FBB121BDFB90600320337 /* Resources */,
			);
			buildRules = (
			);
			dependencies = (
				D35FBB161BDFB90600320337 /* PBXTargetDependency */,
			);
			name = ParkDetroitTests;
			productName = ParkDetroitTests;
			productReference = D35FBB141BDFB90600320337 /* ParkDetroitTests.xctest */;
			productType = "com.apple.product-type.bundle.unit-test";
		};
		D35FBB1E1BDFB90600320337 /* ParkDetroitUITests */ = {
			isa = PBXNativeTarget;
			buildConfigurationList = D35FBB2E1BDFB90600320337 /* Build configuration list for PBXNativeTarget "ParkDetroitUITests" */;
			buildPhases = (
				D35FBB1B1BDFB90600320337 /* Sources */,
				D35FBB1C1BDFB90600320337 /* Frameworks */,
				D35FBB1D1BDFB90600320337 /* Resources */,
			);
			buildRules = (
			);
			dependencies = (
				D35FBB211BDFB90600320337 /* PBXTargetDependency */,
			);
			name = ParkDetroitUITests;
			productName = ParkDetroitUITests;
			productReference = D35FBB1F1BDFB90600320337 /* ParkDetroitUITests.xctest */;
			productType = "com.apple.product-type.bundle.ui-testing";
		};
/* End PBXNativeTarget section */

/* Begin PBXProject section */
		D35FBAF81BDFB90600320337 /* Project object */ = {
			isa = PBXProject;
			attributes = {
				LastUpgradeCheck = 0700;
				ORGANIZATIONNAME = BrianDaveLing;
				TargetAttributes = {
					D35FBAFF1BDFB90600320337 = {
						CreatedOnToolsVersion = 7.0.1;
					};
					D35FBB131BDFB90600320337 = {
						CreatedOnToolsVersion = 7.0.1;
						TestTargetID = D35FBAFF1BDFB90600320337;
					};
					D35FBB1E1BDFB90600320337 = {
						CreatedOnToolsVersion = 7.0.1;
						TestTargetID = D35FBAFF1BDFB90600320337;
					};
				};
			};
			buildConfigurationList = D35FBAFB1BDFB90600320337 /* Build configuration list for PBXProject "ParkDetroit" */;
			compatibilityVersion = "Xcode 3.2";
			developmentRegion = English;
			hasScannedForEncodings = 0;
			knownRegions = (
				en,
				Base,
			);
			mainGroup = D35FBAF71BDFB90600320337;
			productRefGroup = D35FBB011BDFB90600320337 /* Products */;
			projectDirPath = "";
			projectRoot = "";
			targets = (
				D35FBAFF1BDFB90600320337 /* ParkDetroit */,
				D35FBB131BDFB90600320337 /* ParkDetroitTests */,
				D35FBB1E1BDFB90600320337 /* ParkDetroitUITests */,
			);
		};
/* End PBXProject section */

/* Begin PBXResourcesBuildPhase section */
		D35FBAFE1BDFB90600320337 /* Resources */ = {
			isa = PBXResourcesBuildPhase;
			buildActionMask = 2147483647;
			files = (
				D35FBB0E1BDFB90600320337 /* LaunchScreen.storyboard in Resources */,
				D35FBB0B1BDFB90600320337 /* Assets.xcassets in Resources */,
				D35FBB091BDFB90600320337 /* Main.storyboard in Resources */,
			);
			runOnlyForDeploymentPostprocessing = 0;
		};
		D35FBB121BDFB90600320337 /* Resources */ = {
			isa = PBXResourcesBuildPhase;
			buildActionMask = 2147483647;
			files = (
			);
			runOnlyForDeploymentPostprocessing = 0;
		};
		D35FBB1D1BDFB90600320337 /* Resources */ = {
			isa = PBXResourcesBuildPhase;
			buildActionMask = 2147483647;
			files = (
			);
			runOnlyForDeploymentPostprocessing = 0;
		};
/* End PBXResourcesBuildPhase section */

/* Begin PBXShellScriptBuildPhase section */
		4FDA92B42B454CDB54D3398F /* Check Pods Manifest.lock */ = {
			isa = PBXShellScriptBuildPhase;
			buildActionMask = 2147483647;
			files = (
			);
			inputPaths = (
			);
			name = "Check Pods Manifest.lock";
			outputPaths = (
			);
			runOnlyForDeploymentPostprocessing = 0;
			shellPath = /bin/sh;
			shellScript = "diff \"${PODS_ROOT}/../Podfile.lock\" \"${PODS_ROOT}/Manifest.lock\" > /dev/null\nif [[ $? != 0 ]] ; then\n    cat << EOM\nerror: The sandbox is not in sync with the Podfile.lock. Run 'pod install' or update your CocoaPods installation.\nEOM\n    exit 1\nfi\n";
			showEnvVarsInLog = 0;
		};
		9D1CB3707D7D49BC9837B695 /* Copy Pods Resources */ = {
			isa = PBXShellScriptBuildPhase;
			buildActionMask = 2147483647;
			files = (
			);
			inputPaths = (
			);
			name = "Copy Pods Resources";
			outputPaths = (
			);
			runOnlyForDeploymentPostprocessing = 0;
			shellPath = /bin/sh;
			shellScript = "\"${SRCROOT}/Pods/Target Support Files/Pods/Pods-resources.sh\"\n";
			showEnvVarsInLog = 0;
		};
		C8B0CBA65B6243A782E45EAF /* Embed Pods Frameworks */ = {
			isa = PBXShellScriptBuildPhase;
			buildActionMask = 2147483647;
			files = (
			);
			inputPaths = (
			);
			name = "Embed Pods Frameworks";
			outputPaths = (
			);
			runOnlyForDeploymentPostprocessing = 0;
			shellPath = /bin/sh;
			shellScript = "\"${SRCROOT}/Pods/Target Support Files/Pods/Pods-frameworks.sh\"\n";
			showEnvVarsInLog = 0;
		};
/* End PBXShellScriptBuildPhase section */

/* Begin PBXSourcesBuildPhase section */
		D35FBAFC1BDFB90600320337 /* Sources */ = {
			isa = PBXSourcesBuildPhase;
			buildActionMask = 2147483647;
			files = (
				D35FBB061BDFB90600320337 /* ViewController.swift in Sources */,
				D35FBB041BDFB90600320337 /* AppDelegate.swift in Sources */,
				BA6A53D01BE143F200DC8100 /* DataModel.swift in Sources */,
			);
			runOnlyForDeploymentPostprocessing = 0;
		};
		D35FBB101BDFB90600320337 /* Sources */ = {
			isa = PBXSourcesBuildPhase;
			buildActionMask = 2147483647;
			files = (
				D35FBB191BDFB90600320337 /* ParkDetroitTests.swift in Sources */,
			);
			runOnlyForDeploymentPostprocessing = 0;
		};
		D35FBB1B1BDFB90600320337 /* Sources */ = {
			isa = PBXSourcesBuildPhase;
			buildActionMask = 2147483647;
			files = (
				D35FBB241BDFB90600320337 /* ParkDetroitUITests.swift in Sources */,
			);
			runOnlyForDeploymentPostprocessing = 0;
		};
/* End PBXSourcesBuildPhase section */

/* Begin PBXTargetDependency section */
		D35FBB161BDFB90600320337 /* PBXTargetDependency */ = {
			isa = PBXTargetDependency;
			target = D35FBAFF1BDFB90600320337 /* ParkDetroit */;
			targetProxy = D35FBB151BDFB90600320337 /* PBXContainerItemProxy */;
		};
		D35FBB211BDFB90600320337 /* PBXTargetDependency */ = {
			isa = PBXTargetDependency;
			target = D35FBAFF1BDFB90600320337 /* ParkDetroit */;
			targetProxy = D35FBB201BDFB90600320337 /* PBXContainerItemProxy */;
		};
/* End PBXTargetDependency section */

/* Begin PBXVariantGroup section */
		D35FBB071BDFB90600320337 /* Main.storyboard */ = {
			isa = PBXVariantGroup;
			children = (
				D35FBB081BDFB90600320337 /* Base */,
			);
			name = Main.storyboard;
			sourceTree = "<group>";
		};
		D35FBB0C1BDFB90600320337 /* LaunchScreen.storyboard */ = {
			isa = PBXVariantGroup;
			children = (
				D35FBB0D1BDFB90600320337 /* Base */,
			);
			name = LaunchScreen.storyboard;
			sourceTree = "<group>";
		};
/* End PBXVariantGroup section */

/* Begin XCBuildConfiguration section */
		D35FBB261BDFB90600320337 /* Debug */ = {
			isa = XCBuildConfiguration;
			buildSettings = {
				ALWAYS_SEARCH_USER_PATHS = NO;
				CLANG_CXX_LANGUAGE_STANDARD = "gnu++0x";
				CLANG_CXX_LIBRARY = "libc++";
				CLANG_ENABLE_MODULES = YES;
				CLANG_ENABLE_OBJC_ARC = YES;
				CLANG_WARN_BOOL_CONVERSION = YES;
				CLANG_WARN_CONSTANT_CONVERSION = YES;
				CLANG_WARN_DIRECT_OBJC_ISA_USAGE = YES_ERROR;
				CLANG_WARN_EMPTY_BODY = YES;
				CLANG_WARN_ENUM_CONVERSION = YES;
				CLANG_WARN_INT_CONVERSION = YES;
				CLANG_WARN_OBJC_ROOT_CLASS = YES_ERROR;
				CLANG_WARN_UNREACHABLE_CODE = YES;
				CLANG_WARN__DUPLICATE_METHOD_MATCH = YES;
				"CODE_SIGN_IDENTITY[sdk=iphoneos*]" = "iPhone Developer";
				COPY_PHASE_STRIP = NO;
				DEBUG_INFORMATION_FORMAT = dwarf;
				ENABLE_STRICT_OBJC_MSGSEND = YES;
				ENABLE_TESTABILITY = YES;
				GCC_C_LANGUAGE_STANDARD = gnu99;
				GCC_DYNAMIC_NO_PIC = NO;
				GCC_NO_COMMON_BLOCKS = YES;
				GCC_OPTIMIZATION_LEVEL = 0;
				GCC_PREPROCESSOR_DEFINITIONS = (
					"DEBUG=1",
					"$(inherited)",
				);
				GCC_WARN_64_TO_32_BIT_CONVERSION = YES;
				GCC_WARN_ABOUT_RETURN_TYPE = YES_ERROR;
				GCC_WARN_UNDECLARED_SELECTOR = YES;
				GCC_WARN_UNINITIALIZED_AUTOS = YES_AGGRESSIVE;
				GCC_WARN_UNUSED_FUNCTION = YES;
				GCC_WARN_UNUSED_VARIABLE = YES;
				IPHONEOS_DEPLOYMENT_TARGET = 9.0;
				MTL_ENABLE_DEBUG_INFO = YES;
				ONLY_ACTIVE_ARCH = YES;
				SDKROOT = iphoneos;
				SWIFT_OPTIMIZATION_LEVEL = "-Onone";
				TARGETED_DEVICE_FAMILY = "1,2";
			};
			name = Debug;
		};
		D35FBB271BDFB90600320337 /* Release */ = {
			isa = XCBuildConfiguration;
			buildSettings = {
				ALWAYS_SEARCH_USER_PATHS = NO;
				CLANG_CXX_LANGUAGE_STANDARD = "gnu++0x";
				CLANG_CXX_LIBRARY = "libc++";
				CLANG_ENABLE_MODULES = YES;
				CLANG_ENABLE_OBJC_ARC = YES;
				CLANG_WARN_BOOL_CONVERSION = YES;
				CLANG_WARN_CONSTANT_CONVERSION = YES;
				CLANG_WARN_DIRECT_OBJC_ISA_USAGE = YES_ERROR;
				CLANG_WARN_EMPTY_BODY = YES;
				CLANG_WARN_ENUM_CONVERSION = YES;
				CLANG_WARN_INT_CONVERSION = YES;
				CLANG_WARN_OBJC_ROOT_CLASS = YES_ERROR;
				CLANG_WARN_UNREACHABLE_CODE = YES;
				CLANG_WARN__DUPLICATE_METHOD_MATCH = YES;
				"CODE_SIGN_IDENTITY[sdk=iphoneos*]" = "iPhone Developer";
				COPY_PHASE_STRIP = NO;
				DEBUG_INFORMATION_FORMAT = "dwarf-with-dsym";
				ENABLE_NS_ASSERTIONS = NO;
				ENABLE_STRICT_OBJC_MSGSEND = YES;
				GCC_C_LANGUAGE_STANDARD = gnu99;
				GCC_NO_COMMON_BLOCKS = YES;
				GCC_WARN_64_TO_32_BIT_CONVERSION = YES;
				GCC_WARN_ABOUT_RETURN_TYPE = YES_ERROR;
				GCC_WARN_UNDECLARED_SELECTOR = YES;
				GCC_WARN_UNINITIALIZED_AUTOS = YES_AGGRESSIVE;
				GCC_WARN_UNUSED_FUNCTION = YES;
				GCC_WARN_UNUSED_VARIABLE = YES;
				IPHONEOS_DEPLOYMENT_TARGET = 9.0;
				MTL_ENABLE_DEBUG_INFO = NO;
				SDKROOT = iphoneos;
				TARGETED_DEVICE_FAMILY = "1,2";
				VALIDATE_PRODUCT = YES;
			};
			name = Release;
		};
		D35FBB291BDFB90600320337 /* Debug */ = {
			isa = XCBuildConfiguration;
			baseConfigurationReference = 1A423BEC61BD14B168D5DB03 /* Pods.debug.xcconfig */;
			buildSettings = {
				ASSETCATALOG_COMPILER_APPICON_NAME = AppIcon;
				INFOPLIST_FILE = ParkDetroit/Info.plist;
				LD_RUNPATH_SEARCH_PATHS = "$(inherited) @executable_path/Frameworks";
				PRODUCT_BUNDLE_IDENTIFIER = BG.ParkDetroit;
				PRODUCT_NAME = "$(TARGET_NAME)";
			};
			name = Debug;
		};
		D35FBB2A1BDFB90600320337 /* Release */ = {
			isa = XCBuildConfiguration;
			baseConfigurationReference = 401655D1FF659759C3114C6F /* Pods.release.xcconfig */;
			buildSettings = {
				ASSETCATALOG_COMPILER_APPICON_NAME = AppIcon;
				INFOPLIST_FILE = ParkDetroit/Info.plist;
				LD_RUNPATH_SEARCH_PATHS = "$(inherited) @executable_path/Frameworks";
				PRODUCT_BUNDLE_IDENTIFIER = BG.ParkDetroit;
				PRODUCT_NAME = "$(TARGET_NAME)";
			};
			name = Release;
		};
		D35FBB2C1BDFB90600320337 /* Debug */ = {
			isa = XCBuildConfiguration;
			buildSettings = {
				BUNDLE_LOADER = "$(TEST_HOST)";
				INFOPLIST_FILE = ParkDetroitTests/Info.plist;
				LD_RUNPATH_SEARCH_PATHS = "$(inherited) @executable_path/Frameworks @loader_path/Frameworks";
				PRODUCT_BUNDLE_IDENTIFIER = BG.ParkDetroitTests;
				PRODUCT_NAME = "$(TARGET_NAME)";
				TEST_HOST = "$(BUILT_PRODUCTS_DIR)/ParkDetroit.app/ParkDetroit";
			};
			name = Debug;
		};
		D35FBB2D1BDFB90600320337 /* Release */ = {
			isa = XCBuildConfiguration;
			buildSettings = {
				BUNDLE_LOADER = "$(TEST_HOST)";
				INFOPLIST_FILE = ParkDetroitTests/Info.plist;
				LD_RUNPATH_SEARCH_PATHS = "$(inherited) @executable_path/Frameworks @loader_path/Frameworks";
				PRODUCT_BUNDLE_IDENTIFIER = BG.ParkDetroitTests;
				PRODUCT_NAME = "$(TARGET_NAME)";
				TEST_HOST = "$(BUILT_PRODUCTS_DIR)/ParkDetroit.app/ParkDetroit";
			};
			name = Release;
		};
		D35FBB2F1BDFB90600320337 /* Debug */ = {
			isa = XCBuildConfiguration;
			buildSettings = {
				INFOPLIST_FILE = ParkDetroitUITests/Info.plist;
				LD_RUNPATH_SEARCH_PATHS = "$(inherited) @executable_path/Frameworks @loader_path/Frameworks";
				PRODUCT_BUNDLE_IDENTIFIER = BG.ParkDetroitUITests;
				PRODUCT_NAME = "$(TARGET_NAME)";
				TEST_TARGET_NAME = ParkDetroit;
				USES_XCTRUNNER = YES;
			};
			name = Debug;
		};
		D35FBB301BDFB90600320337 /* Release */ = {
			isa = XCBuildConfiguration;
			buildSettings = {
				INFOPLIST_FILE = ParkDetroitUITests/Info.plist;
				LD_RUNPATH_SEARCH_PATHS = "$(inherited) @executable_path/Frameworks @loader_path/Frameworks";
				PRODUCT_BUNDLE_IDENTIFIER = BG.ParkDetroitUITests;
				PRODUCT_NAME = "$(TARGET_NAME)";
				TEST_TARGET_NAME = ParkDetroit;
				USES_XCTRUNNER = YES;
			};
			name = Release;
		};
/* End XCBuildConfiguration section */

/* Begin XCConfigurationList section */
		D35FBAFB1BDFB90600320337 /* Build configuration list for PBXProject "ParkDetroit" */ = {
			isa = XCConfigurationList;
			buildConfigurations = (
				D35FBB261BDFB90600320337 /* Debug */,
				D35FBB271BDFB90600320337 /* Release */,
			);
			defaultConfigurationIsVisible = 0;
			defaultConfigurationName = Release;
		};
		D35FBB281BDFB90600320337 /* Build configuration list for PBXNativeTarget "ParkDetroit" */ = {
			isa = XCConfigurationList;
			buildConfigurations = (
				D35FBB291BDFB90600320337 /* Debug */,
				D35FBB2A1BDFB90600320337 /* Release */,
			);
			defaultConfigurationIsVisible = 0;
			defaultConfigurationName = Release;
		};
		D35FBB2B1BDFB90600320337 /* Build configuration list for PBXNativeTarget "ParkDetroitTests" */ = {
			isa = XCConfigurationList;
			buildConfigurations = (
				D35FBB2C1BDFB90600320337 /* Debug */,
				D35FBB2D1BDFB90600320337 /* Release */,
			);
			defaultConfigurationIsVisible = 0;
			defaultConfigurationName = Release;
		};
		D35FBB2E1BDFB90600320337 /* Build configuration list for PBXNativeTarget "ParkDetroitUITests" */ = {
			isa = XCConfigurationList;
			buildConfigurations = (
				D35FBB2F1BDFB90600320337 /* Debug */,
				D35FBB301BDFB90600320337 /* Release */,
			);
			defaultConfigurationIsVisible = 0;
			defaultConfigurationName = Release;
		};
/* End XCConfigurationList section */
	};
	rootObject = D35FBAF81BDFB90600320337 /* Project object */;
}
